// !$*UTF8*$!
{
	archiveVersion = 1;
	classes = {
	};
	objectVersion = 77;
	objects = {

/* Begin PBXBuildFile section */
		C8E31DB72CF2442200942312 /* SQLite in Frameworks */ = {isa = PBXBuildFile; productRef = C8E31DB62CF2442200942312 /* SQLite */; };
/* End PBXBuildFile section */

/* Begin PBXContainerItemProxy section */
		C8E31D912CF2398600942312 /* PBXContainerItemProxy */ = {
			isa = PBXContainerItemProxy;
			containerPortal = C8E31D782CF2398400942312 /* Project object */;
			proxyType = 1;
			remoteGlobalIDString = C8E31D7F2CF2398400942312;
			remoteInfo = "Simple Library System";
		};
		C8E31D9B2CF2398600942312 /* PBXContainerItemProxy */ = {
			isa = PBXContainerItemProxy;
			containerPortal = C8E31D782CF2398400942312 /* Project object */;
			proxyType = 1;
			remoteGlobalIDString = C8E31D7F2CF2398400942312;
			remoteInfo = "Simple Library System";
		};
/* End PBXContainerItemProxy section */

/* Begin PBXFileReference section */
		C8E31D802CF2398400942312 /* Simple Library System.app */ = {isa = PBXFileReference; explicitFileType = wrapper.application; includeInIndex = 0; path = "Simple Library System.app"; sourceTree = BUILT_PRODUCTS_DIR; };
		C8E31D902CF2398600942312 /* Simple Library SystemTests.xctest */ = {isa = PBXFileReference; explicitFileType = wrapper.cfbundle; includeInIndex = 0; path = "Simple Library SystemTests.xctest"; sourceTree = BUILT_PRODUCTS_DIR; };
		C8E31D9A2CF2398600942312 /* Simple Library SystemUITests.xctest */ = {isa = PBXFileReference; explicitFileType = wrapper.cfbundle; includeInIndex = 0; path = "Simple Library SystemUITests.xctest"; sourceTree = BUILT_PRODUCTS_DIR; };
/* End PBXFileReference section */

/* Begin PBXFileSystemSynchronizedBuildFileExceptionSet section */
		C8E31DD52CF25D2800942312 /* Exceptions for "Simple Library System" folder in "Simple Library SystemTests" target */ = {
			isa = PBXFileSystemSynchronizedBuildFileExceptionSet;
			membershipExceptions = (
				Views/AnggotaView.swift,
				Views/BukuView.swift,
				Views/EditAnggotaView.swift,
				Views/EditBukuView.swift,
				Views/EditKategoriView.swift,
				Views/HapusAnggotaView.swift,
				Views/HapusBukuView.swift,
				Views/HapusKategoriView.swift,
				Views/KategoriView.swift,
				Views/TambahAnggotaView.swift,
				Views/TambahBukuView.swift,
				Views/TambahKategoriView.swift,
			);
			target = C8E31D8F2CF2398600942312 /* Simple Library SystemTests */;
		};
		C8E31DD62CF25D2800942312 /* Exceptions for "Simple Library System" folder in "Simple Library SystemUITests" target */ = {
			isa = PBXFileSystemSynchronizedBuildFileExceptionSet;
			membershipExceptions = (
				Views/AnggotaView.swift,
				Views/BukuView.swift,
				Views/EditAnggotaView.swift,
				Views/EditBukuView.swift,
				Views/EditKategoriView.swift,
				Views/HapusAnggotaView.swift,
				Views/HapusBukuView.swift,
				Views/HapusKategoriView.swift,
				Views/KategoriView.swift,
				Views/TambahAnggotaView.swift,
				Views/TambahBukuView.swift,
				Views/TambahKategoriView.swift,
			);
			target = C8E31D992CF2398600942312 /* Simple Library SystemUITests */;
		};
/* End PBXFileSystemSynchronizedBuildFileExceptionSet section */

/* Begin PBXFileSystemSynchronizedRootGroup section */
		C8E31D822CF2398400942312 /* Simple Library System */ = {
			isa = PBXFileSystemSynchronizedRootGroup;
			exceptions = (
				C8E31DD52CF25D2800942312 /* Exceptions for "Simple Library System" folder in "Simple Library SystemTests" target */,
				C8E31DD62CF25D2800942312 /* Exceptions for "Simple Library System" folder in "Simple Library SystemUITests" target */,
			);
			path = "Simple Library System";
			sourceTree = "<group>";
		};
		C8E31D932CF2398600942312 /* Simple Library SystemTests */ = {
			isa = PBXFileSystemSynchronizedRootGroup;
			path = "Simple Library SystemTests";
			sourceTree = "<group>";
		};
		C8E31D9D2CF2398600942312 /* Simple Library SystemUITests */ = {
			isa = PBXFileSystemSynchronizedRootGroup;
			path = "Simple Library SystemUITests";
			sourceTree = "<group>";
		};
/* End PBXFileSystemSynchronizedRootGroup section */

/* Begin PBXFrameworksBuildPhase section */
		C8E31D7D2CF2398400942312 /* Frameworks */ = {
			isa = PBXFrameworksBuildPhase;
			buildActionMask = 2147483647;
			files = (
				C8E31DB72CF2442200942312 /* SQLite in Frameworks */,
			);
			runOnlyForDeploymentPostprocessing = 0;
		};
		C8E31D8D2CF2398600942312 /* Frameworks */ = {
			isa = PBXFrameworksBuildPhase;
			buildActionMask = 2147483647;
			files = (
			);
			runOnlyForDeploymentPostprocessing = 0;
		};
		C8E31D972CF2398600942312 /* Frameworks */ = {
			isa = PBXFrameworksBuildPhase;
			buildActionMask = 2147483647;
			files = (
			);
			runOnlyForDeploymentPostprocessing = 0;
		};
/* End PBXFrameworksBuildPhase section */

/* Begin PBXGroup section */
		C8E31D772CF2398400942312 = {
			isa = PBXGroup;
			children = (
				C8E31D822CF2398400942312 /* Simple Library System */,
				C8E31D932CF2398600942312 /* Simple Library SystemTests */,
				C8E31D9D2CF2398600942312 /* Simple Library SystemUITests */,
				C8E31D812CF2398400942312 /* Products */,
			);
			sourceTree = "<group>";
		};
		C8E31D812CF2398400942312 /* Products */ = {
			isa = PBXGroup;
			children = (
				C8E31D802CF2398400942312 /* Simple Library System.app */,
				C8E31D902CF2398600942312 /* Simple Library SystemTests.xctest */,
				C8E31D9A2CF2398600942312 /* Simple Library SystemUITests.xctest */,
			);
			name = Products;
			sourceTree = "<group>";
		};
/* End PBXGroup section */

/* Begin PBXNativeTarget section */
		C8E31D7F2CF2398400942312 /* Simple Library System */ = {
			isa = PBXNativeTarget;
			buildConfigurationList = C8E31DA42CF2398600942312 /* Build configuration list for PBXNativeTarget "Simple Library System" */;
			buildPhases = (
				C8E31D7C2CF2398400942312 /* Sources */,
				C8E31D7D2CF2398400942312 /* Frameworks */,
				C8E31D7E2CF2398400942312 /* Resources */,
			);
			buildRules = (
			);
			dependencies = (
			);
			fileSystemSynchronizedGroups = (
				C8E31D822CF2398400942312 /* Simple Library System */,
			);
			name = "Simple Library System";
			packageProductDependencies = (
				C8E31DB62CF2442200942312 /* SQLite */,
			);
			productName = "Simple Library System";
			productReference = C8E31D802CF2398400942312 /* Simple Library System.app */;
			productType = "com.apple.product-type.application";
		};
		C8E31D8F2CF2398600942312 /* Simple Library SystemTests */ = {
			isa = PBXNativeTarget;
			buildConfigurationList = C8E31DA72CF2398600942312 /* Build configuration list for PBXNativeTarget "Simple Library SystemTests" */;
			buildPhases = (
				C8E31D8C2CF2398600942312 /* Sources */,
				C8E31D8D2CF2398600942312 /* Frameworks */,
				C8E31D8E2CF2398600942312 /* Resources */,
			);
			buildRules = (
			);
			dependencies = (
				C8E31D922CF2398600942312 /* PBXTargetDependency */,
			);
			fileSystemSynchronizedGroups = (
				C8E31D932CF2398600942312 /* Simple Library SystemTests */,
			);
			name = "Simple Library SystemTests";
			packageProductDependencies = (
			);
			productName = "Simple Library SystemTests";
			productReference = C8E31D902CF2398600942312 /* Simple Library SystemTests.xctest */;
			productType = "com.apple.product-type.bundle.unit-test";
		};
		C8E31D992CF2398600942312 /* Simple Library SystemUITests */ = {
			isa = PBXNativeTarget;
			buildConfigurationList = C8E31DAA2CF2398600942312 /* Build configuration list for PBXNativeTarget "Simple Library SystemUITests" */;
			buildPhases = (
				C8E31D962CF2398600942312 /* Sources */,
				C8E31D972CF2398600942312 /* Frameworks */,
				C8E31D982CF2398600942312 /* Resources */,
			);
			buildRules = (
			);
			dependencies = (
				C8E31D9C2CF2398600942312 /* PBXTargetDependency */,
			);
			fileSystemSynchronizedGroups = (
				C8E31D9D2CF2398600942312 /* Simple Library SystemUITests */,
			);
			name = "Simple Library SystemUITests";
			packageProductDependencies = (
			);
			productName = "Simple Library SystemUITests";
			productReference = C8E31D9A2CF2398600942312 /* Simple Library SystemUITests.xctest */;
			productType = "com.apple.product-type.bundle.ui-testing";
		};
/* End PBXNativeTarget section */

/* Begin PBXProject section */
		C8E31D782CF2398400942312 /* Project object */ = {
			isa = PBXProject;
			attributes = {
				BuildIndependentTargetsInParallel = 1;
				LastSwiftUpdateCheck = 1610;
				LastUpgradeCheck = 1610;
				TargetAttributes = {
					C8E31D7F2CF2398400942312 = {
						CreatedOnToolsVersion = 16.1;
					};
					C8E31D8F2CF2398600942312 = {
						CreatedOnToolsVersion = 16.1;
						TestTargetID = C8E31D7F2CF2398400942312;
					};
					C8E31D992CF2398600942312 = {
						CreatedOnToolsVersion = 16.1;
						TestTargetID = C8E31D7F2CF2398400942312;
					};
				};
			};
			buildConfigurationList = C8E31D7B2CF2398400942312 /* Build configuration list for PBXProject "Simple Library System" */;
			developmentRegion = en;
			hasScannedForEncodings = 0;
			knownRegions = (
				en,
				Base,
			);
			mainGroup = C8E31D772CF2398400942312;
			minimizedProjectReferenceProxies = 1;
			packageReferences = (
				C8E31DB52CF2442200942312 /* XCRemoteSwiftPackageReference "SQLite" */,
			);
			preferredProjectObjectVersion = 77;
			productRefGroup = C8E31D812CF2398400942312 /* Products */;
			projectDirPath = "";
			projectRoot = "";
			targets = (
				C8E31D7F2CF2398400942312 /* Simple Library System */,
				C8E31D8F2CF2398600942312 /* Simple Library SystemTests */,
				C8E31D992CF2398600942312 /* Simple Library SystemUITests */,
			);
		};
/* End PBXProject section */

/* Begin PBXResourcesBuildPhase section */
		C8E31D7E2CF2398400942312 /* Resources */ = {
			isa = PBXResourcesBuildPhase;
			buildActionMask = 2147483647;
			files = (
			);
			runOnlyForDeploymentPostprocessing = 0;
		};
		C8E31D8E2CF2398600942312 /* Resources */ = {
			isa = PBXResourcesBuildPhase;
			buildActionMask = 2147483647;
			files = (
			);
			runOnlyForDeploymentPostprocessing = 0;
		};
		C8E31D982CF2398600942312 /* Resources */ = {
			isa = PBXResourcesBuildPhase;
			buildActionMask = 2147483647;
			files = (
			);
			runOnlyForDeploymentPostprocessing = 0;
		};
/* End PBXResourcesBuildPhase section */

/* Begin PBXSourcesBuildPhase section */
		C8E31D7C2CF2398400942312 /* Sources */ = {
			isa = PBXSourcesBuildPhase;
			buildActionMask = 2147483647;
			files = (
			);
			runOnlyForDeploymentPostprocessing = 0;
		};
		C8E31D8C2CF2398600942312 /* Sources */ = {
			isa = PBXSourcesBuildPhase;
			buildActionMask = 2147483647;
			files = (
			);
			runOnlyForDeploymentPostprocessing = 0;
		};
		C8E31D962CF2398600942312 /* Sources */ = {
			isa = PBXSourcesBuildPhase;
			buildActionMask = 2147483647;
			files = (
			);
			runOnlyForDeploymentPostprocessing = 0;
		};
/* End PBXSourcesBuildPhase section */

/* Begin PBXTargetDependency section */
		C8E31D922CF2398600942312 /* PBXTargetDependency */ = {
			isa = PBXTargetDependency;
			target = C8E31D7F2CF2398400942312 /* Simple Library System */;
			targetProxy = C8E31D912CF2398600942312 /* PBXContainerItemProxy */;
		};
		C8E31D9C2CF2398600942312 /* PBXTargetDependency */ = {
			isa = PBXTargetDependency;
			target = C8E31D7F2CF2398400942312 /* Simple Library System */;
			targetProxy = C8E31D9B2CF2398600942312 /* PBXContainerItemProxy */;
		};
/* End PBXTargetDependency section */

/* Begin XCBuildConfiguration section */
		C8E31DA22CF2398600942312 /* Debug */ = {
			isa = XCBuildConfiguration;
			buildSettings = {
				ALWAYS_SEARCH_USER_PATHS = NO;
				ASSETCATALOG_COMPILER_GENERATE_SWIFT_ASSET_SYMBOL_EXTENSIONS = YES;
				CLANG_ANALYZER_NONNULL = YES;
				CLANG_ANALYZER_NUMBER_OBJECT_CONVERSION = YES_AGGRESSIVE;
				CLANG_CXX_LANGUAGE_STANDARD = "gnu++20";
				CLANG_ENABLE_MODULES = YES;
				CLANG_ENABLE_OBJC_ARC = YES;
				CLANG_ENABLE_OBJC_WEAK = YES;
				CLANG_WARN_BLOCK_CAPTURE_AUTORELEASING = YES;
				CLANG_WARN_BOOL_CONVERSION = YES;
				CLANG_WARN_COMMA = YES;
				CLANG_WARN_CONSTANT_CONVERSION = YES;
				CLANG_WARN_DEPRECATED_OBJC_IMPLEMENTATIONS = YES;
				CLANG_WARN_DIRECT_OBJC_ISA_USAGE = YES_ERROR;
				CLANG_WARN_DOCUMENTATION_COMMENTS = YES;
				CLANG_WARN_EMPTY_BODY = YES;
				CLANG_WARN_ENUM_CONVERSION = YES;
				CLANG_WARN_INFINITE_RECURSION = YES;
				CLANG_WARN_INT_CONVERSION = YES;
				CLANG_WARN_NON_LITERAL_NULL_CONVERSION = YES;
				CLANG_WARN_OBJC_IMPLICIT_RETAIN_SELF = YES;
				CLANG_WARN_OBJC_LITERAL_CONVERSION = YES;
				CLANG_WARN_OBJC_ROOT_CLASS = YES_ERROR;
				CLANG_WARN_QUOTED_INCLUDE_IN_FRAMEWORK_HEADER = YES;
				CLANG_WARN_RANGE_LOOP_ANALYSIS = YES;
				CLANG_WARN_STRICT_PROTOTYPES = YES;
				CLANG_WARN_SUSPICIOUS_MOVE = YES;
				CLANG_WARN_UNGUARDED_AVAILABILITY = YES_AGGRESSIVE;
				CLANG_WARN_UNREACHABLE_CODE = YES;
				CLANG_WARN__DUPLICATE_METHOD_MATCH = YES;
				COPY_PHASE_STRIP = NO;
				DEBUG_INFORMATION_FORMAT = dwarf;
				ENABLE_STRICT_OBJC_MSGSEND = YES;
				ENABLE_TESTABILITY = YES;
				ENABLE_USER_SCRIPT_SANDBOXING = YES;
				GCC_C_LANGUAGE_STANDARD = gnu17;
				GCC_DYNAMIC_NO_PIC = NO;
				GCC_NO_COMMON_BLOCKS = YES;
				GCC_OPTIMIZATION_LEVEL = 0;
				GCC_PREPROCESSOR_DEFINITIONS = (
					"DEBUG=1",
					"$(inherited)",
				);
				GCC_WARN_64_TO_32_BIT_CONVERSION = YES;
				GCC_WARN_ABOUT_RETURN_TYPE = YES_ERROR;
				GCC_WARN_UNDECLARED_SELECTOR = YES;
				GCC_WARN_UNINITIALIZED_AUTOS = YES_AGGRESSIVE;
				GCC_WARN_UNUSED_FUNCTION = YES;
				GCC_WARN_UNUSED_VARIABLE = YES;
				IPHONEOS_DEPLOYMENT_TARGET = 18.1;
				LOCALIZATION_PREFERS_STRING_CATALOGS = YES;
				MTL_ENABLE_DEBUG_INFO = INCLUDE_SOURCE;
				MTL_FAST_MATH = YES;
				ONLY_ACTIVE_ARCH = YES;
				SDKROOT = iphoneos;
				SWIFT_ACTIVE_COMPILATION_CONDITIONS = "DEBUG $(inherited)";
				SWIFT_OPTIMIZATION_LEVEL = "-Onone";
			};
			name = Debug;
		};
		C8E31DA32CF2398600942312 /* Release */ = {
			isa = XCBuildConfiguration;
			buildSettings = {
				ALWAYS_SEARCH_USER_PATHS = NO;
				ASSETCATALOG_COMPILER_GENERATE_SWIFT_ASSET_SYMBOL_EXTENSIONS = YES;
				CLANG_ANALYZER_NONNULL = YES;
				CLANG_ANALYZER_NUMBER_OBJECT_CONVERSION = YES_AGGRESSIVE;
				CLANG_CXX_LANGUAGE_STANDARD = "gnu++20";
				CLANG_ENABLE_MODULES = YES;
				CLANG_ENABLE_OBJC_ARC = YES;
				CLANG_ENABLE_OBJC_WEAK = YES;
				CLANG_WARN_BLOCK_CAPTURE_AUTORELEASING = YES;
				CLANG_WARN_BOOL_CONVERSION = YES;
				CLANG_WARN_COMMA = YES;
				CLANG_WARN_CONSTANT_CONVERSION = YES;
				CLANG_WARN_DEPRECATED_OBJC_IMPLEMENTATIONS = YES;
				CLANG_WARN_DIRECT_OBJC_ISA_USAGE = YES_ERROR;
				CLANG_WARN_DOCUMENTATION_COMMENTS = YES;
				CLANG_WARN_EMPTY_BODY = YES;
				CLANG_WARN_ENUM_CONVERSION = YES;
				CLANG_WARN_INFINITE_RECURSION = YES;
				CLANG_WARN_INT_CONVERSION = YES;
				CLANG_WARN_NON_LITERAL_NULL_CONVERSION = YES;
				CLANG_WARN_OBJC_IMPLICIT_RETAIN_SELF = YES;
				CLANG_WARN_OBJC_LITERAL_CONVERSION = YES;
				CLANG_WARN_OBJC_ROOT_CLASS = YES_ERROR;
				CLANG_WARN_QUOTED_INCLUDE_IN_FRAMEWORK_HEADER = YES;
				CLANG_WARN_RANGE_LOOP_ANALYSIS = YES;
				CLANG_WARN_STRICT_PROTOTYPES = YES;
				CLANG_WARN_SUSPICIOUS_MOVE = YES;
				CLANG_WARN_UNGUARDED_AVAILABILITY = YES_AGGRESSIVE;
				CLANG_WARN_UNREACHABLE_CODE = YES;
				CLANG_WARN__DUPLICATE_METHOD_MATCH = YES;
				COPY_PHASE_STRIP = NO;
				DEBUG_INFORMATION_FORMAT = "dwarf-with-dsym";
				ENABLE_NS_ASSERTIONS = NO;
				ENABLE_STRICT_OBJC_MSGSEND = YES;
				ENABLE_USER_SCRIPT_SANDBOXING = YES;
				GCC_C_LANGUAGE_STANDARD = gnu17;
				GCC_NO_COMMON_BLOCKS = YES;
				GCC_WARN_64_TO_32_BIT_CONVERSION = YES;
				GCC_WARN_ABOUT_RETURN_TYPE = YES_ERROR;
				GCC_WARN_UNDECLARED_SELECTOR = YES;
				GCC_WARN_UNINITIALIZED_AUTOS = YES_AGGRESSIVE;
				GCC_WARN_UNUSED_FUNCTION = YES;
				GCC_WARN_UNUSED_VARIABLE = YES;
				IPHONEOS_DEPLOYMENT_TARGET = 18.1;
				LOCALIZATION_PREFERS_STRING_CATALOGS = YES;
				MTL_ENABLE_DEBUG_INFO = NO;
				MTL_FAST_MATH = YES;
				SDKROOT = iphoneos;
				SWIFT_COMPILATION_MODE = wholemodule;
				VALIDATE_PRODUCT = YES;
			};
			name = Release;
		};
		C8E31DA52CF2398600942312 /* Debug */ = {
			isa = XCBuildConfiguration;
			buildSettings = {
				ASSETCATALOG_COMPILER_APPICON_NAME = AppIcon;
				ASSETCATALOG_COMPILER_GLOBAL_ACCENT_COLOR_NAME = AccentColor;
				CODE_SIGN_STYLE = Automatic;
				CURRENT_PROJECT_VERSION = 1;
				DEVELOPMENT_ASSET_PATHS = "\"Simple Library System/Preview Content\"";
				DEVELOPMENT_TEAM = V383GK4HDH;
				ENABLE_PREVIEWS = YES;
				GENERATE_INFOPLIST_FILE = YES;
				INFOPLIST_KEY_UIApplicationSceneManifest_Generation = YES;
				INFOPLIST_KEY_UIApplicationSupportsIndirectInputEvents = YES;
				INFOPLIST_KEY_UILaunchScreen_Generation = YES;
				INFOPLIST_KEY_UISupportedInterfaceOrientations_iPad = "UIInterfaceOrientationPortrait UIInterfaceOrientationPortraitUpsideDown UIInterfaceOrientationLandscapeLeft UIInterfaceOrientationLandscapeRight";
				INFOPLIST_KEY_UISupportedInterfaceOrientations_iPhone = "UIInterfaceOrientationPortrait UIInterfaceOrientationLandscapeLeft UIInterfaceOrientationLandscapeRight";
				LD_RUNPATH_SEARCH_PATHS = (
					"$(inherited)",
					"@executable_path/Frameworks",
				);
				MARKETING_VERSION = 1.0;
				PRODUCT_BUNDLE_IDENTIFIER = "com.malvera.Simple-Library-System";
				PRODUCT_NAME = "$(TARGET_NAME)";
				SWIFT_EMIT_LOC_STRINGS = YES;
				SWIFT_VERSION = 5.0;
				TARGETED_DEVICE_FAMILY = "1,2";
			};
			name = Debug;
		};
		C8E31DA62CF2398600942312 /* Release */ = {
			isa = XCBuildConfiguration;
			buildSettings = {
				ASSETCATALOG_COMPILER_APPICON_NAME = AppIcon;
				ASSETCATALOG_COMPILER_GLOBAL_ACCENT_COLOR_NAME = AccentColor;
				CODE_SIGN_STYLE = Automatic;
				CURRENT_PROJECT_VERSION = 1;
				DEVELOPMENT_ASSET_PATHS = "\"Simple Library System/Preview Content\"";
				DEVELOPMENT_TEAM = V383GK4HDH;
				ENABLE_PREVIEWS = YES;
				GENERATE_INFOPLIST_FILE = YES;
				INFOPLIST_KEY_UIApplicationSceneManifest_Generation = YES;
				INFOPLIST_KEY_UIApplicationSupportsIndirectInputEvents = YES;
				INFOPLIST_KEY_UILaunchScreen_Generation = YES;
				INFOPLIST_KEY_UISupportedInterfaceOrientations_iPad = "UIInterfaceOrientationPortrait UIInterfaceOrientationPortraitUpsideDown UIInterfaceOrientationLandscapeLeft UIInterfaceOrientationLandscapeRight";
				INFOPLIST_KEY_UISupportedInterfaceOrientations_iPhone = "UIInterfaceOrientationPortrait UIInterfaceOrientationLandscapeLeft UIInterfaceOrientationLandscapeRight";
				LD_RUNPATH_SEARCH_PATHS = (
					"$(inherited)",
					"@executable_path/Frameworks",
				);
				MARKETING_VERSION = 1.0;
				PRODUCT_BUNDLE_IDENTIFIER = "com.malvera.Simple-Library-System";
				PRODUCT_NAME = "$(TARGET_NAME)";
				SWIFT_EMIT_LOC_STRINGS = YES;
				SWIFT_VERSION = 5.0;
				TARGETED_DEVICE_FAMILY = "1,2";
			};
			name = Release;
		};
		C8E31DA82CF2398600942312 /* Debug */ = {
			isa = XCBuildConfiguration;
			buildSettings = {
				BUNDLE_LOADER = "$(TEST_HOST)";
				CODE_SIGN_STYLE = Automatic;
				CURRENT_PROJECT_VERSION = 1;
				DEVELOPMENT_TEAM = V383GK4HDH;
				GENERATE_INFOPLIST_FILE = YES;
				IPHONEOS_DEPLOYMENT_TARGET = 18.1;
				MARKETING_VERSION = 1.0;
				PRODUCT_BUNDLE_IDENTIFIER = "com.malvera.Simple-Library-SystemTests";
				PRODUCT_NAME = "$(TARGET_NAME)";
				SWIFT_EMIT_LOC_STRINGS = NO;
				SWIFT_VERSION = 5.0;
				TARGETED_DEVICE_FAMILY = "1,2";
				TEST_HOST = "$(BUILT_PRODUCTS_DIR)/Simple Library System.app/$(BUNDLE_EXECUTABLE_FOLDER_PATH)/Simple Library System";
			};
			name = Debug;
		};
		C8E31DA92CF2398600942312 /* Release */ = {
			isa = XCBuildConfiguration;
			buildSettings = {
				BUNDLE_LOADER = "$(TEST_HOST)";
				CODE_SIGN_STYLE = Automatic;
				CURRENT_PROJECT_VERSION = 1;
				DEVELOPMENT_TEAM = V383GK4HDH;
				GENERATE_INFOPLIST_FILE = YES;
				IPHONEOS_DEPLOYMENT_TARGET = 18.1;
				MARKETING_VERSION = 1.0;
				PRODUCT_BUNDLE_IDENTIFIER = "com.malvera.Simple-Library-SystemTests";
				PRODUCT_NAME = "$(TARGET_NAME)";
				SWIFT_EMIT_LOC_STRINGS = NO;
				SWIFT_VERSION = 5.0;
				TARGETED_DEVICE_FAMILY = "1,2";
				TEST_HOST = "$(BUILT_PRODUCTS_DIR)/Simple Library System.app/$(BUNDLE_EXECUTABLE_FOLDER_PATH)/Simple Library System";
			};
			name = Release;
		};
		C8E31DAB2CF2398600942312 /* Debug */ = {
			isa = XCBuildConfiguration;
			buildSettings = {
				CODE_SIGN_STYLE = Automatic;
				CURRENT_PROJECT_VERSION = 1;
				DEVELOPMENT_TEAM = V383GK4HDH;
				GENERATE_INFOPLIST_FILE = YES;
				MARKETING_VERSION = 1.0;
				PRODUCT_BUNDLE_IDENTIFIER = "com.malvera.Simple-Library-SystemUITests";
				PRODUCT_NAME = "$(TARGET_NAME)";
				SWIFT_EMIT_LOC_STRINGS = NO;
				SWIFT_VERSION = 5.0;
				TARGETED_DEVICE_FAMILY = "1,2";
				TEST_TARGET_NAME = "Simple Library System";
			};
			name = Debug;
		};
		C8E31DAC2CF2398600942312 /* Release */ = {
			isa = XCBuildConfiguration;
			buildSettings = {
				CODE_SIGN_STYLE = Automatic;
				CURRENT_PROJECT_VERSION = 1;
				DEVELOPMENT_TEAM = V383GK4HDH;
				GENERATE_INFOPLIST_FILE = YES;
				MARKETING_VERSION = 1.0;
				PRODUCT_BUNDLE_IDENTIFIER = "com.malvera.Simple-Library-SystemUITests";
				PRODUCT_NAME = "$(TARGET_NAME)";
				SWIFT_EMIT_LOC_STRINGS = NO;
				SWIFT_VERSION = 5.0;
				TARGETED_DEVICE_FAMILY = "1,2";
				TEST_TARGET_NAME = "Simple Library System";
			};
			name = Release;
		};
/* End XCBuildConfiguration section */

/* Begin XCConfigurationList section */
		C8E31D7B2CF2398400942312 /* Build configuration list for PBXProject "Simple Library System" */ = {
			isa = XCConfigurationList;
			buildConfigurations = (
				C8E31DA22CF2398600942312 /* Debug */,
				C8E31DA32CF2398600942312 /* Release */,
			);
			defaultConfigurationIsVisible = 0;
			defaultConfigurationName = Release;
		};
		C8E31DA42CF2398600942312 /* Build configuration list for PBXNativeTarget "Simple Library System" */ = {
			isa = XCConfigurationList;
			buildConfigurations = (
				C8E31DA52CF2398600942312 /* Debug */,
				C8E31DA62CF2398600942312 /* Release */,
			);
			defaultConfigurationIsVisible = 0;
			defaultConfigurationName = Release;
		};
		C8E31DA72CF2398600942312 /* Build configuration list for PBXNativeTarget "Simple Library SystemTests" */ = {
			isa = XCConfigurationList;
			buildConfigurations = (
				C8E31DA82CF2398600942312 /* Debug */,
				C8E31DA92CF2398600942312 /* Release */,
			);
			defaultConfigurationIsVisible = 0;
			defaultConfigurationName = Release;
		};
		C8E31DAA2CF2398600942312 /* Build configuration list for PBXNativeTarget "Simple Library SystemUITests" */ = {
			isa = XCConfigurationList;
			buildConfigurations = (
				C8E31DAB2CF2398600942312 /* Debug */,
				C8E31DAC2CF2398600942312 /* Release */,
			);
			defaultConfigurationIsVisible = 0;
			defaultConfigurationName = Release;
		};
/* End XCConfigurationList section */

/* Begin XCRemoteSwiftPackageReference section */
		C8E31DB52CF2442200942312 /* XCRemoteSwiftPackageReference "SQLite" */ = {
			isa = XCRemoteSwiftPackageReference;
			repositoryURL = "https://github.com/stephencelis/SQLite.swift";
			requirement = {
				kind = upToNextMajorVersion;
				minimumVersion = 0.15.3;
			};
		};
/* End XCRemoteSwiftPackageReference section */

/* Begin XCSwiftPackageProductDependency section */
		C8E31DB62CF2442200942312 /* SQLite */ = {
			isa = XCSwiftPackageProductDependency;
			package = C8E31DB52CF2442200942312 /* XCRemoteSwiftPackageReference "SQLite" */;
			productName = SQLite;
		};
/* End XCSwiftPackageProductDependency section */
	};
	rootObject = C8E31D782CF2398400942312 /* Project object */;
}
